
Microsoft Visual Studio Solution File, Format Version 12.00
# Visual Studio Version 17
VisualStudioVersion = 17.1.32104.313
MinimumVisualStudioVersion = 10.0.40219.1
Project("{FAE04EC0-301F-11D3-BF4B-00C04F79EFBC}") = "ChatApp.UniversalWindows", "ChatApp.UniversalWindows\ChatApp.UniversalWindows.csproj", "{258BCB78-285E-4018-B876-D1E62BA6E6B7}"
EndProject
Project("{9A19103F-16F7-4668-BE54-9A1E7A4F7556}") = "ChatApp.BlazorWeb", "ChatApp.BlazorWeb\ChatApp.BlazorWeb.csproj", "{FABE4F11-E992-44AC-B7DD-6DEA60056703}"
EndProject
Project("{FAE04EC0-301F-11D3-BF4B-00C04F79EFBC}") = "ChatApp.XamarinForms.UWP", "ChatApp.XamarinForms\ChatApp.XamarinForms.UWP\ChatApp.XamarinForms.UWP.csproj", "{F059E63F-5FE3-401D-ACF5-1BA842351667}"
EndProject
Project("{FAE04EC0-301F-11D3-BF4B-00C04F79EFBC}") = "ChatApp.XamarinForms.Android", "ChatApp.XamarinForms\ChatApp.XamarinForms.Android\ChatApp.XamarinForms.Android.csproj", "{0112503A-86D9-40EB-BBCD-AE19D62F3C22}"
EndProject
Project("{FAE04EC0-301F-11D3-BF4B-00C04F79EFBC}") = "ChatApp.XamarinForms.iOS", "ChatApp.XamarinForms\ChatApp.XamarinForms.iOS\ChatApp.XamarinForms.iOS.csproj", "{1ECE64CA-D022-4A8B-9266-91006315408A}"
EndProject
Project("{2150E333-8FDC-42A3-9474-1A3956D46DE8}") = "XamarinForms", "XamarinForms", "{3BD3282D-EDF7-4447-9D3B-58D1A82AD28C}"
EndProject
Project("{9A19103F-16F7-4668-BE54-9A1E7A4F7556}") = "ChatApp.XamarinForms", "ChatApp.XamarinForms\ChatApp.XamarinForms\ChatApp.XamarinForms.csproj", "{5E8C38BD-875C-408E-9542-B7411D913FF1}"
EndProject
Project("{9A19103F-16F7-4668-BE54-9A1E7A4F7556}") = "ChatApp.Hosting", "ChatApp.Host\ChatApp.Hosting.csproj", "{AA4E872A-0CFA-4EB8-8A54-11107C82CFEB}"
EndProject
Global
	GlobalSection(SolutionConfigurationPlatforms) = preSolution
		Debug|Any CPU = Debug|Any CPU
		Debug|ARM = Debug|ARM
		Debug|ARM64 = Debug|ARM64
		Debug|iPhone = Debug|iPhone
		Debug|iPhoneSimulator = Debug|iPhoneSimulator
		Debug|x64 = Debug|x64
		Debug|x86 = Debug|x86
		Release|Any CPU = Release|Any CPU
		Release|ARM = Release|ARM
		Release|ARM64 = Release|ARM64
		Release|iPhone = Release|iPhone
		Release|iPhoneSimulator = Release|iPhoneSimulator
		Release|x64 = Release|x64
		Release|x86 = Release|x86
	EndGlobalSection
	GlobalSection(ProjectConfigurationPlatforms) = postSolution
		{258BCB78-285E-4018-B876-D1E62BA6E6B7}.Debug|Any CPU.ActiveCfg = Debug|x64
		{258BCB78-285E-4018-B876-D1E62BA6E6B7}.Debug|Any CPU.Build.0 = Debug|x64
		{258BCB78-285E-4018-B876-D1E62BA6E6B7}.Debug|Any CPU.Deploy.0 = Debug|x64
		{258BCB78-285E-4018-B876-D1E62BA6E6B7}.Debug|ARM.ActiveCfg = Debug|ARM
		{258BCB78-285E-4018-B876-D1E62BA6E6B7}.Debug|ARM.Build.0 = Debug|ARM
		{258BCB78-285E-4018-B876-D1E62BA6E6B7}.Debug|ARM.Deploy.0 = Debug|ARM
		{258BCB78-285E-4018-B876-D1E62BA6E6B7}.Debug|ARM64.ActiveCfg = Debug|ARM64
		{258BCB78-285E-4018-B876-D1E62BA6E6B7}.Debug|ARM64.Build.0 = Debug|ARM64
		{258BCB78-285E-4018-B876-D1E62BA6E6B7}.Debug|ARM64.Deploy.0 = Debug|ARM64
		{258BCB78-285E-4018-B876-D1E62BA6E6B7}.Debug|iPhone.ActiveCfg = Debug|x64
		{258BCB78-285E-4018-B876-D1E62BA6E6B7}.Debug|iPhone.Build.0 = Debug|x64
		{258BCB78-285E-4018-B876-D1E62BA6E6B7}.Debug|iPhone.Deploy.0 = Debug|x64
		{258BCB78-285E-4018-B876-D1E62BA6E6B7}.Debug|iPhoneSimulator.ActiveCfg = Debug|x64
		{258BCB78-285E-4018-B876-D1E62BA6E6B7}.Debug|iPhoneSimulator.Build.0 = Debug|x64
		{258BCB78-285E-4018-B876-D1E62BA6E6B7}.Debug|iPhoneSimulator.Deploy.0 = Debug|x64
		{258BCB78-285E-4018-B876-D1E62BA6E6B7}.Debug|x64.ActiveCfg = Debug|x64
		{258BCB78-285E-4018-B876-D1E62BA6E6B7}.Debug|x64.Build.0 = Debug|x64
		{258BCB78-285E-4018-B876-D1E62BA6E6B7}.Debug|x64.Deploy.0 = Debug|x64
		{258BCB78-285E-4018-B876-D1E62BA6E6B7}.Debug|x86.ActiveCfg = Debug|x86
		{258BCB78-285E-4018-B876-D1E62BA6E6B7}.Debug|x86.Build.0 = Debug|x86
		{258BCB78-285E-4018-B876-D1E62BA6E6B7}.Debug|x86.Deploy.0 = Debug|x86
		{258BCB78-285E-4018-B876-D1E62BA6E6B7}.Release|Any CPU.ActiveCfg = Release|x64
		{258BCB78-285E-4018-B876-D1E62BA6E6B7}.Release|Any CPU.Build.0 = Release|x64
		{258BCB78-285E-4018-B876-D1E62BA6E6B7}.Release|Any CPU.Deploy.0 = Release|x64
		{258BCB78-285E-4018-B876-D1E62BA6E6B7}.Release|ARM.ActiveCfg = Release|ARM
		{258BCB78-285E-4018-B876-D1E62BA6E6B7}.Release|ARM.Build.0 = Release|ARM
		{258BCB78-285E-4018-B876-D1E62BA6E6B7}.Release|ARM.Deploy.0 = Release|ARM
		{258BCB78-285E-4018-B876-D1E62BA6E6B7}.Release|ARM64.ActiveCfg = Release|ARM64
		{258BCB78-285E-4018-B876-D1E62BA6E6B7}.Release|ARM64.Build.0 = Release|ARM64
		{258BCB78-285E-4018-B876-D1E62BA6E6B7}.Release|ARM64.Deploy.0 = Release|ARM64
		{258BCB78-285E-4018-B876-D1E62BA6E6B7}.Release|iPhone.ActiveCfg = Release|x64
		{258BCB78-285E-4018-B876-D1E62BA6E6B7}.Release|iPhone.Build.0 = Release|x64
		{258BCB78-285E-4018-B876-D1E62BA6E6B7}.Release|iPhone.Deploy.0 = Release|x64
		{258BCB78-285E-4018-B876-D1E62BA6E6B7}.Release|iPhoneSimulator.ActiveCfg = Release|x64
		{258BCB78-285E-4018-B876-D1E62BA6E6B7}.Release|iPhoneSimulator.Build.0 = Release|x64
		{258BCB78-285E-4018-B876-D1E62BA6E6B7}.Release|iPhoneSimulator.Deploy.0 = Release|x64
		{258BCB78-285E-4018-B876-D1E62BA6E6B7}.Release|x64.ActiveCfg = Release|x64
		{258BCB78-285E-4018-B876-D1E62BA6E6B7}.Release|x64.Build.0 = Release|x64
		{258BCB78-285E-4018-B876-D1E62BA6E6B7}.Release|x64.Deploy.0 = Release|x64
		{258BCB78-285E-4018-B876-D1E62BA6E6B7}.Release|x86.ActiveCfg = Release|x86
		{258BCB78-285E-4018-B876-D1E62BA6E6B7}.Release|x86.Build.0 = Release|x86
		{258BCB78-285E-4018-B876-D1E62BA6E6B7}.Release|x86.Deploy.0 = Release|x86
		{FABE4F11-E992-44AC-B7DD-6DEA60056703}.Debug|Any CPU.ActiveCfg = Debug|Any CPU
		{FABE4F11-E992-44AC-B7DD-6DEA60056703}.Debug|Any CPU.Build.0 = Debug|Any CPU
		{FABE4F11-E992-44AC-B7DD-6DEA60056703}.Debug|ARM.ActiveCfg = Debug|Any CPU
		{FABE4F11-E992-44AC-B7DD-6DEA60056703}.Debug|ARM.Build.0 = Debug|Any CPU
		{FABE4F11-E992-44AC-B7DD-6DEA60056703}.Debug|ARM64.ActiveCfg = Debug|Any CPU
		{FABE4F11-E992-44AC-B7DD-6DEA60056703}.Debug|ARM64.Build.0 = Debug|Any CPU
		{FABE4F11-E992-44AC-B7DD-6DEA60056703}.Debug|iPhone.ActiveCfg = Debug|Any CPU
		{FABE4F11-E992-44AC-B7DD-6DEA60056703}.Debug|iPhone.Build.0 = Debug|Any CPU
		{FABE4F11-E992-44AC-B7DD-6DEA60056703}.Debug|iPhoneSimulator.ActiveCfg = Debug|Any CPU
		{FABE4F11-E992-44AC-B7DD-6DEA60056703}.Debug|iPhoneSimulator.Build.0 = Debug|Any CPU
		{FABE4F11-E992-44AC-B7DD-6DEA60056703}.Debug|x64.ActiveCfg = Debug|Any CPU
		{FABE4F11-E992-44AC-B7DD-6DEA60056703}.Debug|x64.Build.0 = Debug|Any CPU
		{FABE4F11-E992-44AC-B7DD-6DEA60056703}.Debug|x86.ActiveCfg = Debug|Any CPU
		{FABE4F11-E992-44AC-B7DD-6DEA60056703}.Debug|x86.Build.0 = Debug|Any CPU
		{FABE4F11-E992-44AC-B7DD-6DEA60056703}.Release|Any CPU.ActiveCfg = Release|Any CPU
		{FABE4F11-E992-44AC-B7DD-6DEA60056703}.Release|Any CPU.Build.0 = Release|Any CPU
		{FABE4F11-E992-44AC-B7DD-6DEA60056703}.Release|ARM.ActiveCfg = Release|Any CPU
		{FABE4F11-E992-44AC-B7DD-6DEA60056703}.Release|ARM.Build.0 = Release|Any CPU
		{FABE4F11-E992-44AC-B7DD-6DEA60056703}.Release|ARM64.ActiveCfg = Release|Any CPU
		{FABE4F11-E992-44AC-B7DD-6DEA60056703}.Release|ARM64.Build.0 = Release|Any CPU
		{FABE4F11-E992-44AC-B7DD-6DEA60056703}.Release|iPhone.ActiveCfg = Release|Any CPU
		{FABE4F11-E992-44AC-B7DD-6DEA60056703}.Release|iPhone.Build.0 = Release|Any CPU
		{FABE4F11-E992-44AC-B7DD-6DEA60056703}.Release|iPhoneSimulator.ActiveCfg = Release|Any CPU
		{FABE4F11-E992-44AC-B7DD-6DEA60056703}.Release|iPhoneSimulator.Build.0 = Release|Any CPU
		{FABE4F11-E992-44AC-B7DD-6DEA60056703}.Release|x64.ActiveCfg = Release|Any CPU
		{FABE4F11-E992-44AC-B7DD-6DEA60056703}.Release|x64.Build.0 = Release|Any CPU
		{FABE4F11-E992-44AC-B7DD-6DEA60056703}.Release|x86.ActiveCfg = Release|Any CPU
		{FABE4F11-E992-44AC-B7DD-6DEA60056703}.Release|x86.Build.0 = Release|Any CPU
		{F059E63F-5FE3-401D-ACF5-1BA842351667}.Debug|Any CPU.ActiveCfg = Debug|x64
		{F059E63F-5FE3-401D-ACF5-1BA842351667}.Debug|Any CPU.Build.0 = Debug|x64
		{F059E63F-5FE3-401D-ACF5-1BA842351667}.Debug|Any CPU.Deploy.0 = Debug|x64
		{F059E63F-5FE3-401D-ACF5-1BA842351667}.Debug|ARM.ActiveCfg = Debug|ARM
		{F059E63F-5FE3-401D-ACF5-1BA842351667}.Debug|ARM.Build.0 = Debug|ARM
		{F059E63F-5FE3-401D-ACF5-1BA842351667}.Debug|ARM.Deploy.0 = Debug|ARM
		{F059E63F-5FE3-401D-ACF5-1BA842351667}.Debug|ARM64.ActiveCfg = Debug|x64
		{F059E63F-5FE3-401D-ACF5-1BA842351667}.Debug|ARM64.Build.0 = Debug|x64
		{F059E63F-5FE3-401D-ACF5-1BA842351667}.Debug|ARM64.Deploy.0 = Debug|x64
		{F059E63F-5FE3-401D-ACF5-1BA842351667}.Debug|iPhone.ActiveCfg = Debug|x64
		{F059E63F-5FE3-401D-ACF5-1BA842351667}.Debug|iPhone.Build.0 = Debug|x64
		{F059E63F-5FE3-401D-ACF5-1BA842351667}.Debug|iPhone.Deploy.0 = Debug|x64
		{F059E63F-5FE3-401D-ACF5-1BA842351667}.Debug|iPhoneSimulator.ActiveCfg = Debug|x64
		{F059E63F-5FE3-401D-ACF5-1BA842351667}.Debug|iPhoneSimulator.Build.0 = Debug|x64
		{F059E63F-5FE3-401D-ACF5-1BA842351667}.Debug|iPhoneSimulator.Deploy.0 = Debug|x64
		{F059E63F-5FE3-401D-ACF5-1BA842351667}.Debug|x64.ActiveCfg = Debug|x64
		{F059E63F-5FE3-401D-ACF5-1BA842351667}.Debug|x64.Build.0 = Debug|x64
		{F059E63F-5FE3-401D-ACF5-1BA842351667}.Debug|x64.Deploy.0 = Debug|x64
		{F059E63F-5FE3-401D-ACF5-1BA842351667}.Debug|x86.ActiveCfg = Debug|x86
		{F059E63F-5FE3-401D-ACF5-1BA842351667}.Debug|x86.Build.0 = Debug|x86
		{F059E63F-5FE3-401D-ACF5-1BA842351667}.Debug|x86.Deploy.0 = Debug|x86
		{F059E63F-5FE3-401D-ACF5-1BA842351667}.Release|Any CPU.ActiveCfg = Release|x64
		{F059E63F-5FE3-401D-ACF5-1BA842351667}.Release|Any CPU.Build.0 = Release|x64
		{F059E63F-5FE3-401D-ACF5-1BA842351667}.Release|Any CPU.Deploy.0 = Release|x64
		{F059E63F-5FE3-401D-ACF5-1BA842351667}.Release|ARM.ActiveCfg = Release|ARM
		{F059E63F-5FE3-401D-ACF5-1BA842351667}.Release|ARM.Build.0 = Release|ARM
		{F059E63F-5FE3-401D-ACF5-1BA842351667}.Release|ARM.Deploy.0 = Release|ARM
		{F059E63F-5FE3-401D-ACF5-1BA842351667}.Release|ARM64.ActiveCfg = Release|x64
		{F059E63F-5FE3-401D-ACF5-1BA842351667}.Release|ARM64.Build.0 = Release|x64
		{F059E63F-5FE3-401D-ACF5-1BA842351667}.Release|ARM64.Deploy.0 = Release|x64
		{F059E63F-5FE3-401D-ACF5-1BA842351667}.Release|iPhone.ActiveCfg = Release|x64
		{F059E63F-5FE3-401D-ACF5-1BA842351667}.Release|iPhone.Build.0 = Release|x64
		{F059E63F-5FE3-401D-ACF5-1BA842351667}.Release|iPhone.Deploy.0 = Release|x64
		{F059E63F-5FE3-401D-ACF5-1BA842351667}.Release|iPhoneSimulator.ActiveCfg = Release|x64
		{F059E63F-5FE3-401D-ACF5-1BA842351667}.Release|iPhoneSimulator.Build.0 = Release|x64
		{F059E63F-5FE3-401D-ACF5-1BA842351667}.Release|iPhoneSimulator.Deploy.0 = Release|x64
		{F059E63F-5FE3-401D-ACF5-1BA842351667}.Release|x64.ActiveCfg = Release|x64
		{F059E63F-5FE3-401D-ACF5-1BA842351667}.Release|x64.Build.0 = Release|x64
		{F059E63F-5FE3-401D-ACF5-1BA842351667}.Release|x64.Deploy.0 = Release|x64
		{F059E63F-5FE3-401D-ACF5-1BA842351667}.Release|x86.ActiveCfg = Release|x86
		{F059E63F-5FE3-401D-ACF5-1BA842351667}.Release|x86.Build.0 = Release|x86
		{F059E63F-5FE3-401D-ACF5-1BA842351667}.Release|x86.Deploy.0 = Release|x86
		{0112503A-86D9-40EB-BBCD-AE19D62F3C22}.Debug|Any CPU.ActiveCfg = Debug|Any CPU
		{0112503A-86D9-40EB-BBCD-AE19D62F3C22}.Debug|Any CPU.Build.0 = Debug|Any CPU
		{0112503A-86D9-40EB-BBCD-AE19D62F3C22}.Debug|Any CPU.Deploy.0 = Debug|Any CPU
		{0112503A-86D9-40EB-BBCD-AE19D62F3C22}.Debug|ARM.ActiveCfg = Debug|Any CPU
		{0112503A-86D9-40EB-BBCD-AE19D62F3C22}.Debug|ARM.Build.0 = Debug|Any CPU
		{0112503A-86D9-40EB-BBCD-AE19D62F3C22}.Debug|ARM.Deploy.0 = Debug|Any CPU
		{0112503A-86D9-40EB-BBCD-AE19D62F3C22}.Debug|ARM64.ActiveCfg = Debug|Any CPU
		{0112503A-86D9-40EB-BBCD-AE19D62F3C22}.Debug|ARM64.Build.0 = Debug|Any CPU
		{0112503A-86D9-40EB-BBCD-AE19D62F3C22}.Debug|ARM64.Deploy.0 = Debug|Any CPU
		{0112503A-86D9-40EB-BBCD-AE19D62F3C22}.Debug|iPhone.ActiveCfg = Debug|Any CPU
		{0112503A-86D9-40EB-BBCD-AE19D62F3C22}.Debug|iPhone.Build.0 = Debug|Any CPU
		{0112503A-86D9-40EB-BBCD-AE19D62F3C22}.Debug|iPhone.Deploy.0 = Debug|Any CPU
		{0112503A-86D9-40EB-BBCD-AE19D62F3C22}.Debug|iPhoneSimulator.ActiveCfg = Debug|Any CPU
		{0112503A-86D9-40EB-BBCD-AE19D62F3C22}.Debug|iPhoneSimulator.Build.0 = Debug|Any CPU
		{0112503A-86D9-40EB-BBCD-AE19D62F3C22}.Debug|iPhoneSimulator.Deploy.0 = Debug|Any CPU
		{0112503A-86D9-40EB-BBCD-AE19D62F3C22}.Debug|x64.ActiveCfg = Debug|Any CPU
		{0112503A-86D9-40EB-BBCD-AE19D62F3C22}.Debug|x64.Build.0 = Debug|Any CPU
		{0112503A-86D9-40EB-BBCD-AE19D62F3C22}.Debug|x64.Deploy.0 = Debug|Any CPU
		{0112503A-86D9-40EB-BBCD-AE19D62F3C22}.Debug|x86.ActiveCfg = Debug|Any CPU
		{0112503A-86D9-40EB-BBCD-AE19D62F3C22}.Debug|x86.Build.0 = Debug|Any CPU
		{0112503A-86D9-40EB-BBCD-AE19D62F3C22}.Debug|x86.Deploy.0 = Debug|Any CPU
		{0112503A-86D9-40EB-BBCD-AE19D62F3C22}.Release|Any CPU.ActiveCfg = Release|Any CPU
		{0112503A-86D9-40EB-BBCD-AE19D62F3C22}.Release|Any CPU.Build.0 = Release|Any CPU
		{0112503A-86D9-40EB-BBCD-AE19D62F3C22}.Release|Any CPU.Deploy.0 = Release|Any CPU
		{0112503A-86D9-40EB-BBCD-AE19D62F3C22}.Release|ARM.ActiveCfg = Release|Any CPU
		{0112503A-86D9-40EB-BBCD-AE19D62F3C22}.Release|ARM.Build.0 = Release|Any CPU
		{0112503A-86D9-40EB-BBCD-AE19D62F3C22}.Release|ARM.Deploy.0 = Release|Any CPU
		{0112503A-86D9-40EB-BBCD-AE19D62F3C22}.Release|ARM64.ActiveCfg = Release|Any CPU
		{0112503A-86D9-40EB-BBCD-AE19D62F3C22}.Release|ARM64.Build.0 = Release|Any CPU
		{0112503A-86D9-40EB-BBCD-AE19D62F3C22}.Release|ARM64.Deploy.0 = Release|Any CPU
		{0112503A-86D9-40EB-BBCD-AE19D62F3C22}.Release|iPhone.ActiveCfg = Release|Any CPU
		{0112503A-86D9-40EB-BBCD-AE19D62F3C22}.Release|iPhone.Build.0 = Release|Any CPU
		{0112503A-86D9-40EB-BBCD-AE19D62F3C22}.Release|iPhone.Deploy.0 = Release|Any CPU
		{0112503A-86D9-40EB-BBCD-AE19D62F3C22}.Release|iPhoneSimulator.ActiveCfg = Release|Any CPU
		{0112503A-86D9-40EB-BBCD-AE19D62F3C22}.Release|iPhoneSimulator.Build.0 = Release|Any CPU
		{0112503A-86D9-40EB-BBCD-AE19D62F3C22}.Release|iPhoneSimulator.Deploy.0 = Release|Any CPU
		{0112503A-86D9-40EB-BBCD-AE19D62F3C22}.Release|x64.ActiveCfg = Release|Any CPU
		{0112503A-86D9-40EB-BBCD-AE19D62F3C22}.Release|x64.Build.0 = Release|Any CPU
		{0112503A-86D9-40EB-BBCD-AE19D62F3C22}.Release|x64.Deploy.0 = Release|Any CPU
		{0112503A-86D9-40EB-BBCD-AE19D62F3C22}.Release|x86.ActiveCfg = Release|Any CPU
		{0112503A-86D9-40EB-BBCD-AE19D62F3C22}.Release|x86.Build.0 = Release|Any CPU
		{0112503A-86D9-40EB-BBCD-AE19D62F3C22}.Release|x86.Deploy.0 = Release|Any CPU
		{1ECE64CA-D022-4A8B-9266-91006315408A}.Debug|Any CPU.ActiveCfg = Debug|iPhoneSimulator
		{1ECE64CA-D022-4A8B-9266-91006315408A}.Debug|Any CPU.Build.0 = Debug|iPhoneSimulator
		{1ECE64CA-D022-4A8B-9266-91006315408A}.Debug|ARM.ActiveCfg = Debug|iPhoneSimulator
		{1ECE64CA-D022-4A8B-9266-91006315408A}.Debug|ARM.Build.0 = Debug|iPhoneSimulator
		{1ECE64CA-D022-4A8B-9266-91006315408A}.Debug|ARM64.ActiveCfg = Debug|iPhoneSimulator
		{1ECE64CA-D022-4A8B-9266-91006315408A}.Debug|ARM64.Build.0 = Debug|iPhoneSimulator
		{1ECE64CA-D022-4A8B-9266-91006315408A}.Debug|iPhone.ActiveCfg = Debug|iPhone
		{1ECE64CA-D022-4A8B-9266-91006315408A}.Debug|iPhone.Build.0 = Debug|iPhone
		{1ECE64CA-D022-4A8B-9266-91006315408A}.Debug|iPhoneSimulator.ActiveCfg = Debug|iPhoneSimulator
		{1ECE64CA-D022-4A8B-9266-91006315408A}.Debug|iPhoneSimulator.Build.0 = Debug|iPhoneSimulator
		{1ECE64CA-D022-4A8B-9266-91006315408A}.Debug|x64.ActiveCfg = Debug|iPhoneSimulator
		{1ECE64CA-D022-4A8B-9266-91006315408A}.Debug|x64.Build.0 = Debug|iPhoneSimulator
		{1ECE64CA-D022-4A8B-9266-91006315408A}.Debug|x86.ActiveCfg = Debug|iPhoneSimulator
		{1ECE64CA-D022-4A8B-9266-91006315408A}.Debug|x86.Build.0 = Debug|iPhoneSimulator
		{1ECE64CA-D022-4A8B-9266-91006315408A}.Release|Any CPU.ActiveCfg = Release|iPhoneSimulator
		{1ECE64CA-D022-4A8B-9266-91006315408A}.Release|Any CPU.Build.0 = Release|iPhoneSimulator
		{1ECE64CA-D022-4A8B-9266-91006315408A}.Release|ARM.ActiveCfg = Release|iPhoneSimulator
		{1ECE64CA-D022-4A8B-9266-91006315408A}.Release|ARM.Build.0 = Release|iPhoneSimulator
		{1ECE64CA-D022-4A8B-9266-91006315408A}.Release|ARM64.ActiveCfg = Release|iPhoneSimulator
		{1ECE64CA-D022-4A8B-9266-91006315408A}.Release|ARM64.Build.0 = Release|iPhoneSimulator
		{1ECE64CA-D022-4A8B-9266-91006315408A}.Release|iPhone.ActiveCfg = Release|iPhone
		{1ECE64CA-D022-4A8B-9266-91006315408A}.Release|iPhone.Build.0 = Release|iPhone
		{1ECE64CA-D022-4A8B-9266-91006315408A}.Release|iPhoneSimulator.ActiveCfg = Release|iPhoneSimulator
		{1ECE64CA-D022-4A8B-9266-91006315408A}.Release|iPhoneSimulator.Build.0 = Release|iPhoneSimulator
		{1ECE64CA-D022-4A8B-9266-91006315408A}.Release|x64.ActiveCfg = Release|iPhoneSimulator
		{1ECE64CA-D022-4A8B-9266-91006315408A}.Release|x64.Build.0 = Release|iPhoneSimulator
		{1ECE64CA-D022-4A8B-9266-91006315408A}.Release|x86.ActiveCfg = Release|iPhoneSimulator
		{1ECE64CA-D022-4A8B-9266-91006315408A}.Release|x86.Build.0 = Release|iPhoneSimulator
		{5E8C38BD-875C-408E-9542-B7411D913FF1}.Debug|Any CPU.ActiveCfg = Debug|Any CPU
		{5E8C38BD-875C-408E-9542-B7411D913FF1}.Debug|Any CPU.Build.0 = Debug|Any CPU
		{5E8C38BD-875C-408E-9542-B7411D913FF1}.Debug|ARM.ActiveCfg = Debug|Any CPU
		{5E8C38BD-875C-408E-9542-B7411D913FF1}.Debug|ARM.Build.0 = Debug|Any CPU
		{5E8C38BD-875C-408E-9542-B7411D913FF1}.Debug|ARM64.ActiveCfg = Debug|Any CPU
		{5E8C38BD-875C-408E-9542-B7411D913FF1}.Debug|ARM64.Build.0 = Debug|Any CPU
		{5E8C38BD-875C-408E-9542-B7411D913FF1}.Debug|iPhone.ActiveCfg = Debug|Any CPU
		{5E8C38BD-875C-408E-9542-B7411D913FF1}.Debug|iPhone.Build.0 = Debug|Any CPU
		{5E8C38BD-875C-408E-9542-B7411D913FF1}.Debug|iPhoneSimulator.ActiveCfg = Debug|Any CPU
		{5E8C38BD-875C-408E-9542-B7411D913FF1}.Debug|iPhoneSimulator.Build.0 = Debug|Any CPU
		{5E8C38BD-875C-408E-9542-B7411D913FF1}.Debug|x64.ActiveCfg = Debug|Any CPU
		{5E8C38BD-875C-408E-9542-B7411D913FF1}.Debug|x64.Build.0 = Debug|Any CPU
		{5E8C38BD-875C-408E-9542-B7411D913FF1}.Debug|x86.ActiveCfg = Debug|Any CPU
		{5E8C38BD-875C-408E-9542-B7411D913FF1}.Debug|x86.Build.0 = Debug|Any CPU
		{5E8C38BD-875C-408E-9542-B7411D913FF1}.Release|Any CPU.ActiveCfg = Release|Any CPU
		{5E8C38BD-875C-408E-9542-B7411D913FF1}.Release|Any CPU.Build.0 = Release|Any CPU
		{5E8C38BD-875C-408E-9542-B7411D913FF1}.Release|ARM.ActiveCfg = Release|Any CPU
		{5E8C38BD-875C-408E-9542-B7411D913FF1}.Release|ARM.Build.0 = Release|Any CPU
		{5E8C38BD-875C-408E-9542-B7411D913FF1}.Release|ARM64.ActiveCfg = Release|Any CPU
		{5E8C38BD-875C-408E-9542-B7411D913FF1}.Release|ARM64.Build.0 = Release|Any CPU
		{5E8C38BD-875C-408E-9542-B7411D913FF1}.Release|iPhone.ActiveCfg = Release|Any CPU
		{5E8C38BD-875C-408E-9542-B7411D913FF1}.Release|iPhone.Build.0 = Release|Any CPU
		{5E8C38BD-875C-408E-9542-B7411D913FF1}.Release|iPhoneSimulator.ActiveCfg = Release|Any CPU
		{5E8C38BD-875C-408E-9542-B7411D913FF1}.Release|iPhoneSimulator.Build.0 = Release|Any CPU
		{5E8C38BD-875C-408E-9542-B7411D913FF1}.Release|x64.ActiveCfg = Release|Any CPU
		{5E8C38BD-875C-408E-9542-B7411D913FF1}.Release|x64.Build.0 = Release|Any CPU
		{5E8C38BD-875C-408E-9542-B7411D913FF1}.Release|x86.ActiveCfg = Release|Any CPU
		{5E8C38BD-875C-408E-9542-B7411D913FF1}.Release|x86.Build.0 = Release|Any CPU
		{AA4E872A-0CFA-4EB8-8A54-11107C82CFEB}.Debug|Any CPU.ActiveCfg = Debug|Any CPU
		{AA4E872A-0CFA-4EB8-8A54-11107C82CFEB}.Debug|Any CPU.Build.0 = Debug|Any CPU
		{AA4E872A-0CFA-4EB8-8A54-11107C82CFEB}.Debug|ARM.ActiveCfg = Debug|Any CPU
		{AA4E872A-0CFA-4EB8-8A54-11107C82CFEB}.Debug|ARM.Build.0 = Debug|Any CPU
		{AA4E872A-0CFA-4EB8-8A54-11107C82CFEB}.Debug|ARM64.ActiveCfg = Debug|Any CPU
		{AA4E872A-0CFA-4EB8-8A54-11107C82CFEB}.Debug|ARM64.Build.0 = Debug|Any CPU
		{AA4E872A-0CFA-4EB8-8A54-11107C82CFEB}.Debug|iPhone.ActiveCfg = Debug|Any CPU
		{AA4E872A-0CFA-4EB8-8A54-11107C82CFEB}.Debug|iPhone.Build.0 = Debug|Any CPU
		{AA4E872A-0CFA-4EB8-8A54-11107C82CFEB}.Debug|iPhoneSimulator.ActiveCfg = Debug|Any CPU
		{AA4E872A-0CFA-4EB8-8A54-11107C82CFEB}.Debug|iPhoneSimulator.Build.0 = Debug|Any CPU
		{AA4E872A-0CFA-4EB8-8A54-11107C82CFEB}.Debug|x64.ActiveCfg = Debug|Any CPU
		{AA4E872A-0CFA-4EB8-8A54-11107C82CFEB}.Debug|x64.Build.0 = Debug|Any CPU
		{AA4E872A-0CFA-4EB8-8A54-11107C82CFEB}.Debug|x86.ActiveCfg = Debug|Any CPU
		{AA4E872A-0CFA-4EB8-8A54-11107C82CFEB}.Debug|x86.Build.0 = Debug|Any CPU
		{AA4E872A-0CFA-4EB8-8A54-11107C82CFEB}.Release|Any CPU.ActiveCfg = Release|Any CPU
		{AA4E872A-0CFA-4EB8-8A54-11107C82CFEB}.Release|Any CPU.Build.0 = Release|Any CPU
		{AA4E872A-0CFA-4EB8-8A54-11107C82CFEB}.Release|ARM.ActiveCfg = Release|Any CPU
		{AA4E872A-0CFA-4EB8-8A54-11107C82CFEB}.Release|ARM.Build.0 = Release|Any CPU
		{AA4E872A-0CFA-4EB8-8A54-11107C82CFEB}.Release|ARM64.ActiveCfg = Release|Any CPU
		{AA4E872A-0CFA-4EB8-8A54-11107C82CFEB}.Release|ARM64.Build.0 = Release|Any CPU
		{AA4E872A-0CFA-4EB8-8A54-11107C82CFEB}.Release|iPhone.ActiveCfg = Release|Any CPU
		{AA4E872A-0CFA-4EB8-8A54-11107C82CFEB}.Release|iPhone.Build.0 = Release|Any CPU
		{AA4E872A-0CFA-4EB8-8A54-11107C82CFEB}.Release|iPhoneSimulator.ActiveCfg = Release|Any CPU
		{AA4E872A-0CFA-4EB8-8A54-11107C82CFEB}.Release|iPhoneSimulator.Build.0 = Release|Any CPU
		{AA4E872A-0CFA-4EB8-8A54-11107C82CFEB}.Release|x64.ActiveCfg = Release|Any CPU
		{AA4E872A-0CFA-4EB8-8A54-11107C82CFEB}.Release|x64.Build.0 = Release|Any CPU
		{AA4E872A-0CFA-4EB8-8A54-11107C82CFEB}.Release|x86.ActiveCfg = Release|Any CPU
		{AA4E872A-0CFA-4EB8-8A54-11107C82CFEB}.Release|x86.Build.0 = Release|Any CPU
	EndGlobalSection
	GlobalSection(SolutionProperties) = preSolution
		HideSolutionNode = FALSE
	EndGlobalSection
	GlobalSection(NestedProjects) = preSolution
		{F059E63F-5FE3-401D-ACF5-1BA842351667} = {3BD3282D-EDF7-4447-9D3B-58D1A82AD28C}
		{0112503A-86D9-40EB-BBCD-AE19D62F3C22} = {3BD3282D-EDF7-4447-9D3B-58D1A82AD28C}
		{1ECE64CA-D022-4A8B-9266-91006315408A} = {3BD3282D-EDF7-4447-9D3B-58D1A82AD28C}
		{5E8C38BD-875C-408E-9542-B7411D913FF1} = {3BD3282D-EDF7-4447-9D3B-58D1A82AD28C}
	EndGlobalSection
	GlobalSection(ExtensibilityGlobals) = postSolution
		SolutionGuid = {E246E13F-4BB5-433F-8971-B45343A5A668}
	EndGlobalSection
EndGlobal
